version = 1
project = "rig"
td_path = "projects/rig/tech-design"
generated_at = "2026-06-26T12:15:55.296559+00:00"
digest = "sha256:7342713c82debd6c6e61a5bc0cfebb8829798d3e7d0c4dd9fb04a394bca171bf"

[[files]]
path = "logic/external-contracts.md"
digest = "sha256:8c9d08f607fce573bed6bd06940d1673ad3dc838168e152aca498f0f7b9a18f2"

[[files]]
path = "semantic/rig-build-script.md"
digest = "sha256:1318645027c455d7900815d9fc7598ebc1a994423e85f8848a714d6ca79034a1"

[[files]]
path = "semantic/rig-engine.md"
digest = "sha256:a865f5a2844e2d20011be07afa568f7743c47e0812c8f109f22fa05434ff52f7"

[[files]]
path = "semantic/rig-install-script.md"
digest = "sha256:8db97c82bb4e2778b7ea20fc8d0571151e1027c8ccd9ff99f35319896dcc11b1"

[[files]]
path = "semantic/rig-projects-rig.md"
digest = "sha256:31e4316eb0a1be8cb424cd4f3aead0a88d6a0bc41cdb7160a6fba31380c29dbb"

[[files]]
path = "semantic/rig-scenario.md"
digest = "sha256:696b0076297cd344e6fc2f19853617a174374dec5e4acf7d4b4e5c9d5a791c09"

[[files]]
path = "semantic/rig-src.md"
digest = "sha256:e2a5cbaa5d3fee503f17db2513374c67b0174eec014301d1b35b03cc9378b345"

[[files]]
path = "semantic/source/projects-rig-rig-cli-src-bin-rig-rs.md"
digest = "sha256:124713d957e21b20962dfdb164af708ca96d8605ad070f000a3b3630d86268d5"

[[files]]
path = "semantic/source/projects-rig-rig-cli-src-dispatch-rs.md"
digest = "sha256:861853b7f27e269562fb6c2627f5fa400afb3975c3c94631bd2960c225416427"

[[files]]
path = "semantic/source/projects-rig-rig-cli-src-lib-rs.md"
digest = "sha256:83480574e0b4da55b5403eb3b2e3dc9209576bada6061d3d49260ba0e4aa685e"

[[files]]
path = "semantic/source/projects-rig-src-config-rs.md"
digest = "sha256:b5476893d52bd7132cb64c7ba1e56024062716cf95907cf89215d850947b434b"

[[files]]
path = "semantic/source/projects-rig-src-discovery-rs.md"
digest = "sha256:4e250daa8704842484354c51b62f9780791e201ed889d98723ad447eb1bf3514"

[[files]]
path = "semantic/source/projects-rig-src-engine-assert-rs.md"
digest = "sha256:0c49b17121dc48c5478b0e95165ec2727c3d6e65b8eb80ab02da24fc080d2da2"

[[files]]
path = "semantic/source/projects-rig-src-engine-case-rs.md"
digest = "sha256:6ff53a12a882059236daa367ac877db63c1aa457cab75fa8e61c89c0d6be65d3"

[[files]]
path = "semantic/source/projects-rig-src-engine-exec-rs.md"
digest = "sha256:ddb42a46c7a369efcf1044d1d119e9d8ee251249a6580f664c1785ae4cd5d9c0"

[[files]]
path = "semantic/source/projects-rig-src-engine-http-rs.md"
digest = "sha256:7e20eff7aca412f46c82babda9a8a14e878e494e0490883866433d79b2d933a8"

[[files]]
path = "semantic/source/projects-rig-src-engine-loadgen-rs.md"
digest = "sha256:f6335006890a484f7c80d8a6ae22b02f63828c24eb554015f44c5bc6fea5b9f5"

[[files]]
path = "semantic/source/projects-rig-src-engine-mod-rs.md"
digest = "sha256:7c0c9894a15e35a0ca51e6cfc8c558fbc47a62e4869acf25046a3bb468056562"

[[files]]
path = "semantic/source/projects-rig-src-engine-rss-rs.md"
digest = "sha256:fe7dd9a41eb0a50f57dc688c1558f5f15c25410adca8c3a98e647001f9ec589a"

[[files]]
path = "semantic/source/projects-rig-src-engine-sample-rs.md"
digest = "sha256:85fd0d85c12429d08f602f5126271b29fcf16e37c440a99aa6c407c28a888c5f"

[[files]]
path = "semantic/source/projects-rig-src-engine-timeout-rs.md"
digest = "sha256:a36be0fc595d83bd58e4a6d8964dc132cef30c95b9db3396bc26cae206be8882"

[[files]]
path = "semantic/source/projects-rig-src-engine-transport-rs.md"
digest = "sha256:d890b93827eea3800b6dc14aac1424c1cfe00c8e342a0d6b3678b1fb1919f68a"

[[files]]
path = "semantic/source/projects-rig-src-lib-rs.md"
digest = "sha256:21bd6d2e8a71c3ddd3a1f466c5911b635c78d02461dd0d04baa5ff2bfef40e83"

[[files]]
path = "semantic/source/projects-rig-src-pins-baseline-rs.md"
digest = "sha256:30d2be40655fb4a78f0bae31538226aa5e41abd607805dac4cd24882446206fa"

[[files]]
path = "semantic/source/projects-rig-src-pins-mod-rs.md"
digest = "sha256:78d57617a0a7d646a49c98771cb14bcfce24a8cd7f08c3919d56528a3e775452"

[[files]]
path = "semantic/source/projects-rig-src-report-builder-rs.md"
digest = "sha256:9857a23d3381784f2adf47b038591db0118f490f5693d8dca368c4dff9def7a4"

[[files]]
path = "semantic/source/projects-rig-src-report-envelope-rs.md"
digest = "sha256:843a71c87b1f92a31208b690e72f71a9d0a210a0edd6d49db6bcc24221a603f9"

[[files]]
path = "semantic/source/projects-rig-src-report-finding-rs.md"
digest = "sha256:aeaa5314798c92458b2ab0b08ec86288663af9cff7f0abf10cd6eb69771d1322"

[[files]]
path = "semantic/source/projects-rig-src-report-mod-rs.md"
digest = "sha256:92dc5ec087bd07443bf0edf03ef10b673b7e579aabd167e14c412bb3cab64651"

[[files]]
path = "semantic/source/projects-rig-src-scenario-case-rs.md"
digest = "sha256:119731222c9f46fc6453c150c0bf81674083b56a985b5990ddde7b23cf6b7845"

[[files]]
path = "semantic/source/projects-rig-src-scenario-interp-rs.md"
digest = "sha256:91dbac82a3b617bdbce54ba7eb4e7b8dead730917a0d4fbf6bf1ec18561d6333"

[[files]]
path = "semantic/source/projects-rig-src-scenario-load-rs.md"
digest = "sha256:d6c75f2bcbb6a5cc16dfb9211c0e884c2f46225312f21921a36e1a6aa8fc24e6"

[[files]]
path = "semantic/source/projects-rig-src-scenario-mod-rs.md"
digest = "sha256:619b61b0c9e309ec96dcda4e9c631b1f90bbee2a28d7d472832e926e3f52cffa"

[[files]]
path = "semantic/source/projects-rig-src-scenario-record-rs.md"
digest = "sha256:4dc0c7886f899c647544db123fc9b21e20854d2b02c29ce3cc2ee3ee6e3e6a4c"

[[files]]
path = "semantic/source/projects-rig-src-scenario-step-rs.md"
digest = "sha256:aba563baa860deb404aaa485a72905a70520fe3d0751d48ac776436b3705096d"

[[files]]
path = "semantic/source/projects-rig-src-vat-rs.md"
digest = "sha256:ac8777723cbcc47e9a3fe4772fd1ac21e5c5393a700e03b0fe9a7a32d94b08b2"

[[files]]
path = "semantic/source/projects-rig-src-verdict-rs.md"
digest = "sha256:ef4f5bf2b1e3976e4c11ace94a8785f70a37826bf99d26bca550e1422761371d"

[[files]]
path = "semantic/source/projects-rig-tests-engine_e2e-rs.md"
digest = "sha256:a7318ca13078cf717db55062a8ca5e9e77c3ea7c6d3a9496107f5c7327aa0a90"
