version = 2
project = "rig"
ir_kind = "td"
td_path = "apps/rig/tech-design"
generated_at = "2026-07-21T10:21:58.710261+00:00"
digest = "sha256:14a4d060b41695da757b209b6ae03c631bf835fb378db03e85bb8d15f6d208bd"
source_digest = "sha256:14a4d060b41695da757b209b6ae03c631bf835fb378db03e85bb8d15f6d208bd"
ir_digest = "sha256:af82e3710a3e29681f8556239e7b4336c576dc5b3eaddf7259078ff5f4c71ac4"

[[files]]
path = "logic/add-reusable-stateful-service-soak-and-fault-scenario-harness.md"
digest = "sha256:1857c88674b0f1b43a9d6b9363541573ea3a1a6241e4759a857dd81214d0f8d7"
ir_digest = "sha256:c9d3829df3b703240561d09a3157e4bd7d6233b02fd4e6a4652c9512a8694a53"
section_count = 3

[[files]]
path = "logic/external-contracts.md"
digest = "sha256:8c9d08f607fce573bed6bd06940d1673ad3dc838168e152aca498f0f7b9a18f2"
ir_digest = "sha256:7d1d22df49aab7a9f72a48f450b515c8824f7fff24d2ae2cc399c4edb9e0121d"
section_count = 5

[[files]]
path = "semantic/rig-build-script.md"
digest = "sha256:b5213b8afb1cc5f1d6f9273ae894b5b502e7fb8d92ea17c8677610bb0f90eb60"
ir_digest = "sha256:13d20861f7a33cad1f19f29753ad38f82401db98857341a0db24c8a7e16870b8"
section_count = 2

[[files]]
path = "semantic/rig-engine.md"
digest = "sha256:ac8f135b0f21e1b74aefe8d5c8d29f4c60bf10997a94dbe74fa11874f3ba9600"
ir_digest = "sha256:83358f961531605fb411b6c924fb87ec9556781b740688302dd8482bdcafe95a"
section_count = 2

[[files]]
path = "semantic/rig-install-script.md"
digest = "sha256:de3c1c1148207a90b5ddc2c0f60dd875b09420fe7fc3541c851857beab12a83e"
ir_digest = "sha256:9fc485120952c796a15a848f3f584d5a31f5892b18fc383c15fc8ef1ca9c79d4"
section_count = 3

[[files]]
path = "semantic/rig-projects-rig.md"
digest = "sha256:99d3e24782dc4edc37c5c011b5513b624e72855467dacd6edaa5d58c67eda564"
ir_digest = "sha256:d5008b720fa1b427dd14bf947f0dd9aa72e0f8b4d5b3bb5fe78e8b8fb69f3789"
section_count = 2

[[files]]
path = "semantic/rig-scenario.md"
digest = "sha256:aea1c99496e06dfab272894c981dc332d1066cb3019824c88ab6b846936a5cb3"
ir_digest = "sha256:197c98b42e7df38b68463cacf492066f05deb7e37de4d7497fd21d47c16be311"
section_count = 2

[[files]]
path = "semantic/rig-src.md"
digest = "sha256:0ca6b79dab105bb4e3286f2cccf9f3f586a79113e730471cbac45d7d720affa0"
ir_digest = "sha256:abeef35d0c2a3dc68f2eb7b3490abffa6ceb8909909024a22878731fc8c0282b"
section_count = 2

[[files]]
path = "semantic/source/projects-rig-rig-cli-src-bin-rig-rs.md"
digest = "sha256:fd98ba1e64c50d8e67ff86dddf439a00e92b51f63f026e89429280e69ae9ada9"
ir_digest = "sha256:3cd2195472bb247270a1c8faaaf69cb040d833c6350c1275277a9ccff87c4e48"
section_count = 3

[[files]]
path = "semantic/source/projects-rig-rig-cli-src-dispatch-rs.md"
digest = "sha256:97fa127a0d5447fbc934772e1c416b227a91408e5ab9b055680f358341d924ac"
ir_digest = "sha256:c95f584f3ff3f5193b95c6750d99cfcca1bfe3f4b23d8a3b1ee861d42591fc5b"
section_count = 3

[[files]]
path = "semantic/source/projects-rig-rig-cli-src-lib-rs.md"
digest = "sha256:25ce8dc6fbe4cac83a2e53d712630b4086bbcd7aa71e0052111843109382a70e"
ir_digest = "sha256:7e7cd9ce826a06da5e70452d0617d71fc80cf5f5ab84ec5de42edd5efecc269c"
section_count = 3

[[files]]
path = "semantic/source/projects-rig-src-config-rs.md"
digest = "sha256:855b10d4e4c31841b56f17026efc6701caa0dce2519b6443092845fe219d3dd5"
ir_digest = "sha256:ca66a3d439efb6f885430fa61b497b45c0b500c5640c8037971ec203d4754337"
section_count = 3

[[files]]
path = "semantic/source/projects-rig-src-discovery-rs.md"
digest = "sha256:5b30d3c921838d9e0758448c86271be308a3a1ff74b0a7ee0a92d0ec9fd68e27"
ir_digest = "sha256:d1c59d5eacf8186b4a7478b0eed6da300329266ab043ec5d000cf770552e7449"
section_count = 3

[[files]]
path = "semantic/source/projects-rig-src-engine-assert-rs.md"
digest = "sha256:4178b7bfe436fd64917a6e439b21a6ea903d11a34515cbcc35a55c3f9374a048"
ir_digest = "sha256:37af5da745b6fbd0edfa3aea189516b133fb14fd8a3756e38abf8c50d47b18e6"
section_count = 3

[[files]]
path = "semantic/source/projects-rig-src-engine-case-rs.md"
digest = "sha256:678bf9c32728d42d80d54c6b5b8d1000de43c651e343ae86b1b1cc759eb08575"
ir_digest = "sha256:fb015611c37a26d020b699105d4a08031e9cb2fbd46e6a682d7a0c48bba918e7"
section_count = 3

[[files]]
path = "semantic/source/projects-rig-src-engine-exec-rs.md"
digest = "sha256:f367491a7c7715dd947ddd261d456317c328a77947da33a4fb2166e8dab09fec"
ir_digest = "sha256:652667c8ed7905cfdbc0dccf60fa1eaec667d70742c0f75dbfd9e3ca23c73508"
section_count = 3

[[files]]
path = "semantic/source/projects-rig-src-engine-http-rs.md"
digest = "sha256:7f564daaed160e0965c70e43de2a4573da113a36d62211b10d8e14919cb3d177"
ir_digest = "sha256:9aef7ab615f71565679c381bfbcf8d6b0fd759fed157f57f325d4497f67b0003"
section_count = 3

[[files]]
path = "semantic/source/projects-rig-src-engine-loadgen-rs.md"
digest = "sha256:a834a9b116976066ecca63ad60b0b34dbdc9ef67edac2587b3ac8c00faba243b"
ir_digest = "sha256:b20e07a3d7a97250c7b67204887c220cd256d3fc595938fca3d7ba9089dbf4e6"
section_count = 3

[[files]]
path = "semantic/source/projects-rig-src-engine-mod-rs.md"
digest = "sha256:73179feb93a2729cc1d3ee57b5a934892799a741b382f436294a7badb0dff4ff"
ir_digest = "sha256:dc50fa66f019c0ab1cdf53aa400c2913b8b111663aeafabb5dc5d9235c61f1ff"
section_count = 3

[[files]]
path = "semantic/source/projects-rig-src-engine-rss-rs.md"
digest = "sha256:a8f0e92d16eccbd49f44f82ec2f760a6ad362b83d6f8288df145a36eaefbdef7"
ir_digest = "sha256:dcd372ca423c7f05525fc1368233a32d53f06125839aff06e2b360a6351dc44c"
section_count = 3

[[files]]
path = "semantic/source/projects-rig-src-engine-sample-rs.md"
digest = "sha256:6645a243a4397ee2cf8c829f0a04ba25b45590e325823c37381db64086f9b928"
ir_digest = "sha256:a76918aacdb85cf396b9fde6ffd0af22600580821ccb1ea0262ca3dd2efc377e"
section_count = 3

[[files]]
path = "semantic/source/projects-rig-src-engine-timeout-rs.md"
digest = "sha256:7dd03cda0d8f03b2fa447fa16978434e6d0b265458dd449d5ccaa740124bcb7a"
ir_digest = "sha256:e643adde52f3be9861f159f2addb39b8fee648327c7e28bd7c86b5aa600b6c20"
section_count = 3

[[files]]
path = "semantic/source/projects-rig-src-engine-transport-rs.md"
digest = "sha256:106fa388e801bb7bbd198ff09d8b505f2b37e02e89b019eebebd359eca842013"
ir_digest = "sha256:a70fbd2cfa9d08c3fab0ddcfa4569236c52eb520e4f278df115ed8c53067593f"
section_count = 3

[[files]]
path = "semantic/source/projects-rig-src-lib-rs.md"
digest = "sha256:c2066419f73ffcfdbfc2137a58a081167b9c4e423660e1034e47e4da0dd7b1d6"
ir_digest = "sha256:ab71e18a58c3cbf76cb69b404763b4c4946dd583a908d5f74a06be3cc7a17780"
section_count = 3

[[files]]
path = "semantic/source/projects-rig-src-pins-baseline-rs.md"
digest = "sha256:9f0d94f1dfcdbdb30a7b845d9fec85e33412798592111399299cff7481ee10f5"
ir_digest = "sha256:f268abc418041e2a2609775ec231ec39cd439ac10bbb737180c7d438e6d99bd0"
section_count = 3

[[files]]
path = "semantic/source/projects-rig-src-pins-mod-rs.md"
digest = "sha256:c923b7a7ec9af2f57dc339c357370fa0ee7452c9f871de96627b8d5e78d40959"
ir_digest = "sha256:766828025516bad4c49cc53696f69a4da90346a28413280a18e52a3f621b3920"
section_count = 3

[[files]]
path = "semantic/source/projects-rig-src-report-builder-rs.md"
digest = "sha256:be40ea61f187213518e1a9bb0e6d7a8a65ae41340ae4148db1a9fed5444bea7b"
ir_digest = "sha256:ec33c3ca64d5c91bab16918c1521d1744146922ed2bcc10a03c796f01b9974bf"
section_count = 3

[[files]]
path = "semantic/source/projects-rig-src-report-envelope-rs.md"
digest = "sha256:b4750182be509f2bd21fd9626b4116e37b904997d99a7f550a8325acf171bef2"
ir_digest = "sha256:810c19e69b36cdf9ae5470e7c02eb1591d1b01528f7a0b751345fb6a454b543c"
section_count = 3

[[files]]
path = "semantic/source/projects-rig-src-report-finding-rs.md"
digest = "sha256:dc421333d77158dee0ac145ff61a65be280ccf461db7039019168b63d3cda150"
ir_digest = "sha256:41bb09e5f134f3513dabef98e5c1ea3cf959c2977abe448d516ffd4d0ce5deff"
section_count = 3

[[files]]
path = "semantic/source/projects-rig-src-report-mod-rs.md"
digest = "sha256:575be7768e59954b9465ad48d11e2ebd28faa0b7c893842650e2c0686f581b40"
ir_digest = "sha256:d1a80af71b2caa2c9bcfd55957edad1cbaad8a4f77bfc320309d5cbe71813809"
section_count = 3

[[files]]
path = "semantic/source/projects-rig-src-scenario-case-rs.md"
digest = "sha256:2aeceed88d5e17f88638dd622d5bc12d70493cc6f837faa738e90889d11227d5"
ir_digest = "sha256:41d5d03daaf7bc62c5da0462dfe74a38a89b44deb637a5b0bc8ee9fc5ce84d1f"
section_count = 3

[[files]]
path = "semantic/source/projects-rig-src-scenario-interp-rs.md"
digest = "sha256:7f68b7632c0d5a964cf005ea4f09e31bcc6d1674b0d3cd891f891a9b1e106fab"
ir_digest = "sha256:776464fe0511977ae25fba7626f14d2c664285cfcf3dcadda7b8ada66157e80b"
section_count = 3

[[files]]
path = "semantic/source/projects-rig-src-scenario-load-rs.md"
digest = "sha256:8a26f4ecb48ecc2878c994f0ed1106ed8522868ec0b0459f27c85d378abf62fc"
ir_digest = "sha256:329487104596e5fad72f8aa84e099586d5e4a6255f3e58a015e0a61dce9a46c0"
section_count = 3

[[files]]
path = "semantic/source/projects-rig-src-scenario-mod-rs.md"
digest = "sha256:f53605bc2e286f318302c96b8b464e969ca7e01ee89fb32eddc99d4bc3be5e08"
ir_digest = "sha256:4a87b604b48d2d3390be86f1320640ffbbd0003fe2fa1aa0745c0d0802a1a54f"
section_count = 3

[[files]]
path = "semantic/source/projects-rig-src-scenario-record-rs.md"
digest = "sha256:fcd9b51fca579ddacdacb1b8f85e1e87e6b95f890fbcbb398d1dc1fdd85e822f"
ir_digest = "sha256:982b82d7d32fcf4e0f72037e717fca1d56e79b96ff42f74a9b5a66edb0c6a698"
section_count = 3

[[files]]
path = "semantic/source/projects-rig-src-scenario-step-rs.md"
digest = "sha256:8917b318cd0c42e7ddc51085f71247e6af26582b04f9edccbb46d6e2ce3af6e1"
ir_digest = "sha256:92feb9e453369f1dbd61a7c1b9515bb6235a4dedea5aa8e69877c47e5eae4dba"
section_count = 3

[[files]]
path = "semantic/source/projects-rig-src-vat-rs.md"
digest = "sha256:a194a6e23ef03b4d604f16682c724e2f962f4cff671e90a5e9a7d294b53ec068"
ir_digest = "sha256:7b0a468a64ade2846b4db9c3ee68d03902449b59a8b2582e71837fe60906725f"
section_count = 3

[[files]]
path = "semantic/source/projects-rig-src-verdict-rs.md"
digest = "sha256:ae96011ce31e722deb0a86ca991f8b998a67345f7794841582ad0d404e47e871"
ir_digest = "sha256:0a919685ff90fb64a1d8901cd91de321013d4adb2752c18af0e389408ccd3135"
section_count = 3

[[files]]
path = "semantic/source/projects-rig-tests-engine_e2e-rs.md"
digest = "sha256:6772019905927d4023dbcb3e9bc24dc7e04c0ff9ac5f357f29496bd51e760513"
ir_digest = "sha256:fccd26373afdf054c52c5e473cdcbdd59932403c5c0ef2e60e8844979ac94a8c"
section_count = 3
